
Microsoft Visual Studio Solution File, Format Version 12.00
# Visual Studio Version 17
VisualStudioVersion = 17.14.36518.9 d17.14
MinimumVisualStudioVersion = 10.0.40219.1
Project("{FAE04EC0-301F-11D3-BF4B-00C04F79EFBC}") = "LastCallMotorAuctions.API", "LastCallMotorAuctions.API.csproj", "{B1B1214A-2892-4302-E8F9-E268F135DE93}"
EndProject
Global
	GlobalSection(SolutionConfigurationPlatforms) = preSolution
		Debug|Any CPU = Debug|Any CPU
		Release|Any CPU = Release|Any CPU
	EndGlobalSection
	GlobalSection(ProjectConfigurationPlatforms) = postSolution
		{B1B1214A-2892-4302-E8F9-E268F135DE93}.Debug|Any CPU.ActiveCfg = Debug|Any CPU
		{B1B1214A-2892-4302-E8F9-E268F135DE93}.Debug|Any CPU.Build.0 = Debug|Any CPU
		{B1B1214A-2892-4302-E8F9-E268F135DE93}.Release|Any CPU.ActiveCfg = Release|Any CPU
		{B1B1214A-2892-4302-E8F9-E268F135DE93}.Release|Any CPU.Build.0 = Release|Any CPU
	EndGlobalSection
	GlobalSection(SolutionProperties) = preSolution
		HideSolutionNode = FALSE
	EndGlobalSection
	GlobalSection(ExtensibilityGlobals) = postSolution
		SolutionGuid = {83600EA5-A845-457E-80BF-C5E900D08182}
	EndGlobalSection
EndGlobal
